
Microsoft Visual Studio Solution File, Format Version 12.00
# Visual Studio Version 17
VisualStudioVersion = 17.5.33424.131
MinimumVisualStudioVersion = 10.0.40219.1
Project("{8BC9CEB8-8B4A-11D0-8D11-00A0C91BC942}") = "PemogramanDasar2", "PemogramanDasar2\PemogramanDasar2.vcxproj", "{FBD6187D-7E10-46B3-B295-81A39B7AC74D}"
EndProject
Project("{8BC9CEB8-8B4A-11D0-8D11-00A0C91BC942}") = "PemogramanDasarLatihan2", "PemogramanDasarLatihan2\PemogramanDasarLatihan2.vcxproj", "{C8562AFD-4D2B-4FC0-A2D5-F1980779EABE}"
EndProject
Global
	GlobalSection(SolutionConfigurationPlatforms) = preSolution
		Debug|x64 = Debug|x64
		Debug|x86 = Debug|x86
		Release|x64 = Release|x64
		Release|x86 = Release|x86
	EndGlobalSection
	GlobalSection(ProjectConfigurationPlatforms) = postSolution
		{FBD6187D-7E10-46B3-B295-81A39B7AC74D}.Debug|x64.ActiveCfg = Debug|x64
		{FBD6187D-7E10-46B3-B295-81A39B7AC74D}.Debug|x64.Build.0 = Debug|x64
		{FBD6187D-7E10-46B3-B295-81A39B7AC74D}.Debug|x86.ActiveCfg = Debug|Win32
		{FBD6187D-7E10-46B3-B295-81A39B7AC74D}.Debug|x86.Build.0 = Debug|Win32
		{FBD6187D-7E10-46B3-B295-81A39B7AC74D}.Release|x64.ActiveCfg = Release|x64
		{FBD6187D-7E10-46B3-B295-81A39B7AC74D}.Release|x64.Build.0 = Release|x64
		{FBD6187D-7E10-46B3-B295-81A39B7AC74D}.Release|x86.ActiveCfg = Release|Win32
		{FBD6187D-7E10-46B3-B295-81A39B7AC74D}.Release|x86.Build.0 = Release|Win32
		{C8562AFD-4D2B-4FC0-A2D5-F1980779EABE}.Debug|x64.ActiveCfg = Debug|x64
		{C8562AFD-4D2B-4FC0-A2D5-F1980779EABE}.Debug|x64.Build.0 = Debug|x64
		{C8562AFD-4D2B-4FC0-A2D5-F1980779EABE}.Debug|x86.ActiveCfg = Debug|Win32
		{C8562AFD-4D2B-4FC0-A2D5-F1980779EABE}.Debug|x86.Build.0 = Debug|Win32
		{C8562AFD-4D2B-4FC0-A2D5-F1980779EABE}.Release|x64.ActiveCfg = Release|x64
		{C8562AFD-4D2B-4FC0-A2D5-F1980779EABE}.Release|x64.Build.0 = Release|x64
		{C8562AFD-4D2B-4FC0-A2D5-F1980779EABE}.Release|x86.ActiveCfg = Release|Win32
		{C8562AFD-4D2B-4FC0-A2D5-F1980779EABE}.Release|x86.Build.0 = Release|Win32
	EndGlobalSection
	GlobalSection(SolutionProperties) = preSolution
		HideSolutionNode = FALSE
	EndGlobalSection
	GlobalSection(ExtensibilityGlobals) = postSolution
		SolutionGuid = {8BDB857D-B93A-4C9B-8192-838D66A8BC67}
	EndGlobalSection
EndGlobal
